
Microsoft Visual Studio Solution File, Format Version 12.00
# Visual Studio 15
VisualStudioVersion = 15.0.28307.168
MinimumVisualStudioVersion = 10.0.40219.1
Project("{FAE04EC0-301F-11D3-BF4B-00C04F79EFBC}") = "Kontur.ImageTransformer", "Kontur.ImageTransformer\Kontur.ImageTransformer.csproj", "{BCCEE5BF-F5FC-4429-932A-9B405F4DD3F3}"
EndProject
Global
	GlobalSection(SolutionConfigurationPlatforms) = preSolution
		Debug|Any CPU = Debug|Any CPU
		Release|Any CPU = Release|Any CPU
	EndGlobalSection
	GlobalSection(ProjectConfigurationPlatforms) = postSolution
		{BCCEE5BF-F5FC-4429-932A-9B405F4DD3F3}.Debug|Any CPU.ActiveCfg = Debug|Any CPU
		{BCCEE5BF-F5FC-4429-932A-9B405F4DD3F3}.Debug|Any CPU.Build.0 = Debug|Any CPU
		{BCCEE5BF-F5FC-4429-932A-9B405F4DD3F3}.Release|Any CPU.ActiveCfg = Release|Any CPU
		{BCCEE5BF-F5FC-4429-932A-9B405F4DD3F3}.Release|Any CPU.Build.0 = Release|Any CPU
	EndGlobalSection
	GlobalSection(SolutionProperties) = preSolution
		HideSolutionNode = FALSE
	EndGlobalSection
	GlobalSection(ExtensibilityGlobals) = postSolution
		SolutionGuid = {CDDCC592-BF64-4811-B705-4C003F142C46}
	EndGlobalSection
EndGlobal
